// !$*UTF8*$!
{
	archiveVersion = 1;
	classes = {
	};
	objectVersion = 55;
	objects = {

/* Begin PBXBuildFile section */
		22931D5E26B46EAD00B4C253 /* PocketCrawler WatchKit App.app in Embed Watch Content */ = {isa = PBXBuildFile; fileRef = 22931D5D26B46EAD00B4C253 /* PocketCrawler WatchKit App.app */; settings = {ATTRIBUTES = (RemoveHeadersOnCopy, ); }; };
		22931D6326B46EAF00B4C253 /* Assets.xcassets in Resources */ = {isa = PBXBuildFile; fileRef = 22931D6226B46EAF00B4C253 /* Assets.xcassets */; };
		22931D6926B46EAF00B4C253 /* PocketCrawler WatchKit Extension.appex in Embed App Extensions */ = {isa = PBXBuildFile; fileRef = 22931D6826B46EAF00B4C253 /* PocketCrawler WatchKit Extension.appex */; settings = {ATTRIBUTES = (RemoveHeadersOnCopy, ); }; };
		22931D6E26B46EAF00B4C253 /* PocketCrawlerApp.swift in Sources */ = {isa = PBXBuildFile; fileRef = 22931D6D26B46EAF00B4C253 /* PocketCrawlerApp.swift */; };
		22931D7026B46EAF00B4C253 /* ContentView.swift in Sources */ = {isa = PBXBuildFile; fileRef = 22931D6F26B46EAF00B4C253 /* ContentView.swift */; };
		22931D7226B46EAF00B4C253 /* NotificationController.swift in Sources */ = {isa = PBXBuildFile; fileRef = 22931D7126B46EAF00B4C253 /* NotificationController.swift */; };
		22931D7426B46EAF00B4C253 /* NotificationView.swift in Sources */ = {isa = PBXBuildFile; fileRef = 22931D7326B46EAF00B4C253 /* NotificationView.swift */; };
		22931D7626B46EAF00B4C253 /* ComplicationController.swift in Sources */ = {isa = PBXBuildFile; fileRef = 22931D7526B46EAF00B4C253 /* ComplicationController.swift */; };
		22931D7826B46EAF00B4C253 /* Assets.xcassets in Resources */ = {isa = PBXBuildFile; fileRef = 22931D7726B46EAF00B4C253 /* Assets.xcassets */; };
		22931D7B26B46EAF00B4C253 /* Preview Assets.xcassets in Resources */ = {isa = PBXBuildFile; fileRef = 22931D7A26B46EAF00B4C253 /* Preview Assets.xcassets */; };
		22931D8726B46EAF00B4C253 /* PocketCrawlerTests.swift in Sources */ = {isa = PBXBuildFile; fileRef = 22931D8626B46EAF00B4C253 /* PocketCrawlerTests.swift */; };
		22931D9126B46EAF00B4C253 /* PocketCrawlerUITests.swift in Sources */ = {isa = PBXBuildFile; fileRef = 22931D9026B46EAF00B4C253 /* PocketCrawlerUITests.swift */; };
		229D94BC26B72C630030E245 /* Room.swift in Sources */ = {isa = PBXBuildFile; fileRef = 229D94BB26B72C630030E245 /* Room.swift */; };
		229F8CAA26B475A20076FC58 /* Matrix.swift in Sources */ = {isa = PBXBuildFile; fileRef = 229F8CA926B475A20076FC58 /* Matrix.swift */; };
		229F8CAD26B477CF0076FC58 /* MatrixTests.swift in Sources */ = {isa = PBXBuildFile; fileRef = 229F8CAC26B476BC0076FC58 /* MatrixTests.swift */; };
		229F8CAF26B4809D0076FC58 /* Floorplan.swift in Sources */ = {isa = PBXBuildFile; fileRef = 229F8CAE26B4809D0076FC58 /* Floorplan.swift */; };
		229F8CB326B5A7600076FC58 /* Coordinate.swift in Sources */ = {isa = PBXBuildFile; fileRef = 229F8CB226B5A7600076FC58 /* Coordinate.swift */; };
		229F8CB526B5D8710076FC58 /* FloorplanTests.swift in Sources */ = {isa = PBXBuildFile; fileRef = 229F8CB426B5D8710076FC58 /* FloorplanTests.swift */; };
/* End PBXBuildFile section */

/* Begin PBXContainerItemProxy section */
		22931D5F26B46EAD00B4C253 /* PBXContainerItemProxy */ = {
			isa = PBXContainerItemProxy;
			containerPortal = 22931D5326B46EAD00B4C253 /* Project object */;
			proxyType = 1;
			remoteGlobalIDString = 22931D5C26B46EAD00B4C253;
			remoteInfo = "PocketCrawler WatchKit App";
		};
		22931D6A26B46EAF00B4C253 /* PBXContainerItemProxy */ = {
			isa = PBXContainerItemProxy;
			containerPortal = 22931D5326B46EAD00B4C253 /* Project object */;
			proxyType = 1;
			remoteGlobalIDString = 22931D6726B46EAF00B4C253;
			remoteInfo = "PocketCrawler WatchKit Extension";
		};
		22931D8326B46EAF00B4C253 /* PBXContainerItemProxy */ = {
			isa = PBXContainerItemProxy;
			containerPortal = 22931D5326B46EAD00B4C253 /* Project object */;
			proxyType = 1;
			remoteGlobalIDString = 22931D6726B46EAF00B4C253;
			remoteInfo = "PocketCrawler WatchKit Extension";
		};
		22931D8D26B46EAF00B4C253 /* PBXContainerItemProxy */ = {
			isa = PBXContainerItemProxy;
			containerPortal = 22931D5326B46EAD00B4C253 /* Project object */;
			proxyType = 1;
			remoteGlobalIDString = 22931D5C26B46EAD00B4C253;
			remoteInfo = "PocketCrawler WatchKit App";
		};
/* End PBXContainerItemProxy section */

/* Begin PBXCopyFilesBuildPhase section */
		22931D9726B46EAF00B4C253 /* Embed App Extensions */ = {
			isa = PBXCopyFilesBuildPhase;
			buildActionMask = 2147483647;
			dstPath = "";
			dstSubfolderSpec = 13;
			files = (
				22931D6926B46EAF00B4C253 /* PocketCrawler WatchKit Extension.appex in Embed App Extensions */,
			);
			name = "Embed App Extensions";
			runOnlyForDeploymentPostprocessing = 0;
		};
		22931D9B26B46EAF00B4C253 /* Embed Watch Content */ = {
			isa = PBXCopyFilesBuildPhase;
			buildActionMask = 2147483647;
			dstPath = "$(CONTENTS_FOLDER_PATH)/Watch";
			dstSubfolderSpec = 16;
			files = (
				22931D5E26B46EAD00B4C253 /* PocketCrawler WatchKit App.app in Embed Watch Content */,
			);
			name = "Embed Watch Content";
			runOnlyForDeploymentPostprocessing = 0;
		};
/* End PBXCopyFilesBuildPhase section */

/* Begin PBXFileReference section */
		22931D5926B46EAD00B4C253 /* PocketCrawler.app */ = {isa = PBXFileReference; explicitFileType = wrapper.application; includeInIndex = 0; path = PocketCrawler.app; sourceTree = BUILT_PRODUCTS_DIR; };
		22931D5D26B46EAD00B4C253 /* PocketCrawler WatchKit App.app */ = {isa = PBXFileReference; explicitFileType = wrapper.application; includeInIndex = 0; path = "PocketCrawler WatchKit App.app"; sourceTree = BUILT_PRODUCTS_DIR; };
		22931D6226B46EAF00B4C253 /* Assets.xcassets */ = {isa = PBXFileReference; lastKnownFileType = folder.assetcatalog; path = Assets.xcassets; sourceTree = "<group>"; };
		22931D6826B46EAF00B4C253 /* PocketCrawler WatchKit Extension.appex */ = {isa = PBXFileReference; explicitFileType = "wrapper.app-extension"; includeInIndex = 0; path = "PocketCrawler WatchKit Extension.appex"; sourceTree = BUILT_PRODUCTS_DIR; };
		22931D6D26B46EAF00B4C253 /* PocketCrawlerApp.swift */ = {isa = PBXFileReference; lastKnownFileType = sourcecode.swift; path = PocketCrawlerApp.swift; sourceTree = "<group>"; };
		22931D6F26B46EAF00B4C253 /* ContentView.swift */ = {isa = PBXFileReference; lastKnownFileType = sourcecode.swift; path = ContentView.swift; sourceTree = "<group>"; };
		22931D7126B46EAF00B4C253 /* NotificationController.swift */ = {isa = PBXFileReference; lastKnownFileType = sourcecode.swift; path = NotificationController.swift; sourceTree = "<group>"; };
		22931D7326B46EAF00B4C253 /* NotificationView.swift */ = {isa = PBXFileReference; lastKnownFileType = sourcecode.swift; path = NotificationView.swift; sourceTree = "<group>"; };
		22931D7526B46EAF00B4C253 /* ComplicationController.swift */ = {isa = PBXFileReference; lastKnownFileType = sourcecode.swift; path = ComplicationController.swift; sourceTree = "<group>"; };
		22931D7726B46EAF00B4C253 /* Assets.xcassets */ = {isa = PBXFileReference; lastKnownFileType = folder.assetcatalog; path = Assets.xcassets; sourceTree = "<group>"; };
		22931D7A26B46EAF00B4C253 /* Preview Assets.xcassets */ = {isa = PBXFileReference; lastKnownFileType = folder.assetcatalog; path = "Preview Assets.xcassets"; sourceTree = "<group>"; };
		22931D7C26B46EAF00B4C253 /* Info.plist */ = {isa = PBXFileReference; lastKnownFileType = text.plist.xml; path = Info.plist; sourceTree = "<group>"; };
		22931D7D26B46EAF00B4C253 /* PushNotificationPayload.apns */ = {isa = PBXFileReference; lastKnownFileType = text; path = PushNotificationPayload.apns; sourceTree = "<group>"; };
		22931D8226B46EAF00B4C253 /* PocketCrawlerTests.xctest */ = {isa = PBXFileReference; explicitFileType = wrapper.cfbundle; includeInIndex = 0; path = PocketCrawlerTests.xctest; sourceTree = BUILT_PRODUCTS_DIR; };
		22931D8626B46EAF00B4C253 /* PocketCrawlerTests.swift */ = {isa = PBXFileReference; lastKnownFileType = sourcecode.swift; path = PocketCrawlerTests.swift; sourceTree = "<group>"; };
		22931D8C26B46EAF00B4C253 /* PocketCrawlerUITests.xctest */ = {isa = PBXFileReference; explicitFileType = wrapper.cfbundle; includeInIndex = 0; path = PocketCrawlerUITests.xctest; sourceTree = BUILT_PRODUCTS_DIR; };
		22931D9026B46EAF00B4C253 /* PocketCrawlerUITests.swift */ = {isa = PBXFileReference; lastKnownFileType = sourcecode.swift; path = PocketCrawlerUITests.swift; sourceTree = "<group>"; };
		229D94BB26B72C630030E245 /* Room.swift */ = {isa = PBXFileReference; lastKnownFileType = sourcecode.swift; path = Room.swift; sourceTree = "<group>"; };
		229F8CA926B475A20076FC58 /* Matrix.swift */ = {isa = PBXFileReference; lastKnownFileType = sourcecode.swift; path = Matrix.swift; sourceTree = "<group>"; };
		229F8CAC26B476BC0076FC58 /* MatrixTests.swift */ = {isa = PBXFileReference; lastKnownFileType = sourcecode.swift; path = MatrixTests.swift; sourceTree = "<group>"; };
		229F8CAE26B4809D0076FC58 /* Floorplan.swift */ = {isa = PBXFileReference; lastKnownFileType = sourcecode.swift; path = Floorplan.swift; sourceTree = "<group>"; };
		229F8CB226B5A7600076FC58 /* Coordinate.swift */ = {isa = PBXFileReference; lastKnownFileType = sourcecode.swift; path = Coordinate.swift; sourceTree = "<group>"; };
		229F8CB426B5D8710076FC58 /* FloorplanTests.swift */ = {isa = PBXFileReference; lastKnownFileType = sourcecode.swift; path = FloorplanTests.swift; sourceTree = "<group>"; };
/* End PBXFileReference section */

/* Begin PBXFrameworksBuildPhase section */
		22931D6526B46EAF00B4C253 /* Frameworks */ = {
			isa = PBXFrameworksBuildPhase;
			buildActionMask = 2147483647;
			files = (
			);
			runOnlyForDeploymentPostprocessing = 0;
		};
		22931D7F26B46EAF00B4C253 /* Frameworks */ = {
			isa = PBXFrameworksBuildPhase;
			buildActionMask = 2147483647;
			files = (
			);
			runOnlyForDeploymentPostprocessing = 0;
		};
		22931D8926B46EAF00B4C253 /* Frameworks */ = {
			isa = PBXFrameworksBuildPhase;
			buildActionMask = 2147483647;
			files = (
			);
			runOnlyForDeploymentPostprocessing = 0;
		};
/* End PBXFrameworksBuildPhase section */

/* Begin PBXGroup section */
		22931D5226B46EAD00B4C253 = {
			isa = PBXGroup;
			children = (
				22931D6126B46EAD00B4C253 /* PocketCrawler WatchKit App */,
				22931D6C26B46EAF00B4C253 /* PocketCrawler WatchKit Extension */,
				22931D8526B46EAF00B4C253 /* PocketCrawlerTests */,
				22931D8F26B46EAF00B4C253 /* PocketCrawlerUITests */,
				22931D5A26B46EAD00B4C253 /* Products */,
			);
			sourceTree = "<group>";
		};
		22931D5A26B46EAD00B4C253 /* Products */ = {
			isa = PBXGroup;
			children = (
				22931D5926B46EAD00B4C253 /* PocketCrawler.app */,
				22931D5D26B46EAD00B4C253 /* PocketCrawler WatchKit App.app */,
				22931D6826B46EAF00B4C253 /* PocketCrawler WatchKit Extension.appex */,
				22931D8226B46EAF00B4C253 /* PocketCrawlerTests.xctest */,
				22931D8C26B46EAF00B4C253 /* PocketCrawlerUITests.xctest */,
			);
			name = Products;
			sourceTree = "<group>";
		};
		22931D6126B46EAD00B4C253 /* PocketCrawler WatchKit App */ = {
			isa = PBXGroup;
			children = (
				229F8CA826B4758A0076FC58 /* Models */,
				22931D6226B46EAF00B4C253 /* Assets.xcassets */,
			);
			path = "PocketCrawler WatchKit App";
			sourceTree = "<group>";
		};
		22931D6C26B46EAF00B4C253 /* PocketCrawler WatchKit Extension */ = {
			isa = PBXGroup;
			children = (
				22931D6D26B46EAF00B4C253 /* PocketCrawlerApp.swift */,
				22931D6F26B46EAF00B4C253 /* ContentView.swift */,
				22931D7126B46EAF00B4C253 /* NotificationController.swift */,
				22931D7326B46EAF00B4C253 /* NotificationView.swift */,
				22931D7526B46EAF00B4C253 /* ComplicationController.swift */,
				22931D7726B46EAF00B4C253 /* Assets.xcassets */,
				22931D7C26B46EAF00B4C253 /* Info.plist */,
				22931D7D26B46EAF00B4C253 /* PushNotificationPayload.apns */,
				22931D7926B46EAF00B4C253 /* Preview Content */,
			);
			path = "PocketCrawler WatchKit Extension";
			sourceTree = "<group>";
		};
		22931D7926B46EAF00B4C253 /* Preview Content */ = {
			isa = PBXGroup;
			children = (
				22931D7A26B46EAF00B4C253 /* Preview Assets.xcassets */,
			);
			path = "Preview Content";
			sourceTree = "<group>";
		};
		22931D8526B46EAF00B4C253 /* PocketCrawlerTests */ = {
			isa = PBXGroup;
			children = (
				229F8CAB26B476B80076FC58 /* Models */,
				22931D8626B46EAF00B4C253 /* PocketCrawlerTests.swift */,
			);
			path = PocketCrawlerTests;
			sourceTree = "<group>";
		};
		22931D8F26B46EAF00B4C253 /* PocketCrawlerUITests */ = {
			isa = PBXGroup;
			children = (
				22931D9026B46EAF00B4C253 /* PocketCrawlerUITests.swift */,
			);
			path = PocketCrawlerUITests;
			sourceTree = "<group>";
		};
		229F8CA826B4758A0076FC58 /* Models */ = {
			isa = PBXGroup;
			children = (
				229F8CA926B475A20076FC58 /* Matrix.swift */,
				229F8CAE26B4809D0076FC58 /* Floorplan.swift */,
				229F8CB226B5A7600076FC58 /* Coordinate.swift */,
				229D94BB26B72C630030E245 /* Room.swift */,
			);
			path = Models;
			sourceTree = "<group>";
		};
		229F8CAB26B476B80076FC58 /* Models */ = {
			isa = PBXGroup;
			children = (
				229F8CB426B5D8710076FC58 /* FloorplanTests.swift */,
				229F8CAC26B476BC0076FC58 /* MatrixTests.swift */,
			);
			path = Models;
			sourceTree = "<group>";
		};
/* End PBXGroup section */

/* Begin PBXNativeTarget section */
		22931D5826B46EAD00B4C253 /* PocketCrawler */ = {
			isa = PBXNativeTarget;
			buildConfigurationList = 22931D9C26B46EAF00B4C253 /* Build configuration list for PBXNativeTarget "PocketCrawler" */;
			buildPhases = (
				22931D5726B46EAD00B4C253 /* Resources */,
				22931D9B26B46EAF00B4C253 /* Embed Watch Content */,
			);
			buildRules = (
			);
			dependencies = (
				22931D6026B46EAD00B4C253 /* PBXTargetDependency */,
			);
			name = PocketCrawler;
			productName = PocketCrawler;
			productReference = 22931D5926B46EAD00B4C253 /* PocketCrawler.app */;
			productType = "com.apple.product-type.application.watchapp2-container";
		};
		22931D5C26B46EAD00B4C253 /* PocketCrawler WatchKit App */ = {
			isa = PBXNativeTarget;
			buildConfigurationList = 22931D9826B46EAF00B4C253 /* Build configuration list for PBXNativeTarget "PocketCrawler WatchKit App" */;
			buildPhases = (
				22931D5B26B46EAD00B4C253 /* Resources */,
				22931D9726B46EAF00B4C253 /* Embed App Extensions */,
			);
			buildRules = (
			);
			dependencies = (
				22931D6B26B46EAF00B4C253 /* PBXTargetDependency */,
			);
			name = "PocketCrawler WatchKit App";
			productName = "PocketCrawler WatchKit App";
			productReference = 22931D5D26B46EAD00B4C253 /* PocketCrawler WatchKit App.app */;
			productType = "com.apple.product-type.application.watchapp2";
		};
		22931D6726B46EAF00B4C253 /* PocketCrawler WatchKit Extension */ = {
			isa = PBXNativeTarget;
			buildConfigurationList = 22931D9426B46EAF00B4C253 /* Build configuration list for PBXNativeTarget "PocketCrawler WatchKit Extension" */;
			buildPhases = (
				22931D6426B46EAF00B4C253 /* Sources */,
				22931D6526B46EAF00B4C253 /* Frameworks */,
				22931D6626B46EAF00B4C253 /* Resources */,
			);
			buildRules = (
			);
			dependencies = (
			);
			name = "PocketCrawler WatchKit Extension";
			productName = "PocketCrawler WatchKit Extension";
			productReference = 22931D6826B46EAF00B4C253 /* PocketCrawler WatchKit Extension.appex */;
			productType = "com.apple.product-type.watchkit2-extension";
		};
		22931D8126B46EAF00B4C253 /* PocketCrawlerTests */ = {
			isa = PBXNativeTarget;
			buildConfigurationList = 22931D9F26B46EAF00B4C253 /* Build configuration list for PBXNativeTarget "PocketCrawlerTests" */;
			buildPhases = (
				22931D7E26B46EAF00B4C253 /* Sources */,
				22931D7F26B46EAF00B4C253 /* Frameworks */,
				22931D8026B46EAF00B4C253 /* Resources */,
			);
			buildRules = (
			);
			dependencies = (
				22931D8426B46EAF00B4C253 /* PBXTargetDependency */,
			);
			name = PocketCrawlerTests;
			productName = PocketCrawlerTests;
			productReference = 22931D8226B46EAF00B4C253 /* PocketCrawlerTests.xctest */;
			productType = "com.apple.product-type.bundle.unit-test";
		};
		22931D8B26B46EAF00B4C253 /* PocketCrawlerUITests */ = {
			isa = PBXNativeTarget;
			buildConfigurationList = 22931DA226B46EAF00B4C253 /* Build configuration list for PBXNativeTarget "PocketCrawlerUITests" */;
			buildPhases = (
				22931D8826B46EAF00B4C253 /* Sources */,
				22931D8926B46EAF00B4C253 /* Frameworks */,
				22931D8A26B46EAF00B4C253 /* Resources */,
			);
			buildRules = (
			);
			dependencies = (
				22931D8E26B46EAF00B4C253 /* PBXTargetDependency */,
			);
			name = PocketCrawlerUITests;
			productName = PocketCrawlerUITests;
			productReference = 22931D8C26B46EAF00B4C253 /* PocketCrawlerUITests.xctest */;
			productType = "com.apple.product-type.bundle.ui-testing";
		};
/* End PBXNativeTarget section */

/* Begin PBXProject section */
		22931D5326B46EAD00B4C253 /* Project object */ = {
			isa = PBXProject;
			attributes = {
				BuildIndependentTargetsInParallel = 1;
				LastSwiftUpdateCheck = 1300;
				LastUpgradeCheck = 1300;
				TargetAttributes = {
					22931D5826B46EAD00B4C253 = {
						CreatedOnToolsVersion = 13.0;
					};
					22931D5C26B46EAD00B4C253 = {
						CreatedOnToolsVersion = 13.0;
					};
					22931D6726B46EAF00B4C253 = {
						CreatedOnToolsVersion = 13.0;
					};
					22931D8126B46EAF00B4C253 = {
						CreatedOnToolsVersion = 13.0;
						TestTargetID = 22931D6726B46EAF00B4C253;
					};
					22931D8B26B46EAF00B4C253 = {
						CreatedOnToolsVersion = 13.0;
						TestTargetID = 22931D5C26B46EAD00B4C253;
					};
				};
			};
			buildConfigurationList = 22931D5626B46EAD00B4C253 /* Build configuration list for PBXProject "PocketCrawler" */;
			compatibilityVersion = "Xcode 13.0";
			developmentRegion = en;
			hasScannedForEncodings = 0;
			knownRegions = (
				en,
				Base,
			);
			mainGroup = 22931D5226B46EAD00B4C253;
			productRefGroup = 22931D5A26B46EAD00B4C253 /* Products */;
			projectDirPath = "";
			projectRoot = "";
			targets = (
				22931D5826B46EAD00B4C253 /* PocketCrawler */,
				22931D5C26B46EAD00B4C253 /* PocketCrawler WatchKit App */,
				22931D6726B46EAF00B4C253 /* PocketCrawler WatchKit Extension */,
				22931D8126B46EAF00B4C253 /* PocketCrawlerTests */,
				22931D8B26B46EAF00B4C253 /* PocketCrawlerUITests */,
			);
		};
/* End PBXProject section */

/* Begin PBXResourcesBuildPhase section */
		22931D5726B46EAD00B4C253 /* Resources */ = {
			isa = PBXResourcesBuildPhase;
			buildActionMask = 2147483647;
			files = (
			);
			runOnlyForDeploymentPostprocessing = 0;
		};
		22931D5B26B46EAD00B4C253 /* Resources */ = {
			isa = PBXResourcesBuildPhase;
			buildActionMask = 2147483647;
			files = (
				22931D6326B46EAF00B4C253 /* Assets.xcassets in Resources */,
			);
			runOnlyForDeploymentPostprocessing = 0;
		};
		22931D6626B46EAF00B4C253 /* Resources */ = {
			isa = PBXResourcesBuildPhase;
			buildActionMask = 2147483647;
			files = (
				22931D7B26B46EAF00B4C253 /* Preview Assets.xcassets in Resources */,
				22931D7826B46EAF00B4C253 /* Assets.xcassets in Resources */,
			);
			runOnlyForDeploymentPostprocessing = 0;
		};
		22931D8026B46EAF00B4C253 /* Resources */ = {
			isa = PBXResourcesBuildPhase;
			buildActionMask = 2147483647;
			files = (
			);
			runOnlyForDeploymentPostprocessing = 0;
		};
		22931D8A26B46EAF00B4C253 /* Resources */ = {
			isa = PBXResourcesBuildPhase;
			buildActionMask = 2147483647;
			files = (
			);
			runOnlyForDeploymentPostprocessing = 0;
		};
/* End PBXResourcesBuildPhase section */

/* Begin PBXSourcesBuildPhase section */
		22931D6426B46EAF00B4C253 /* Sources */ = {
			isa = PBXSourcesBuildPhase;
			buildActionMask = 2147483647;
			files = (
				22931D7226B46EAF00B4C253 /* NotificationController.swift in Sources */,
				22931D7026B46EAF00B4C253 /* ContentView.swift in Sources */,
				229F8CAA26B475A20076FC58 /* Matrix.swift in Sources */,
				229F8CB326B5A7600076FC58 /* Coordinate.swift in Sources */,
				22931D7626B46EAF00B4C253 /* ComplicationController.swift in Sources */,
				229D94BC26B72C630030E245 /* Room.swift in Sources */,
				22931D6E26B46EAF00B4C253 /* PocketCrawlerApp.swift in Sources */,
				22931D7426B46EAF00B4C253 /* NotificationView.swift in Sources */,
				229F8CAF26B4809D0076FC58 /* Floorplan.swift in Sources */,
			);
			runOnlyForDeploymentPostprocessing = 0;
		};
		22931D7E26B46EAF00B4C253 /* Sources */ = {
			isa = PBXSourcesBuildPhase;
			buildActionMask = 2147483647;
			files = (
				229F8CB526B5D8710076FC58 /* FloorplanTests.swift in Sources */,
				229F8CAD26B477CF0076FC58 /* MatrixTests.swift in Sources */,
				22931D8726B46EAF00B4C253 /* PocketCrawlerTests.swift in Sources */,
			);
			runOnlyForDeploymentPostprocessing = 0;
		};
		22931D8826B46EAF00B4C253 /* Sources */ = {
			isa = PBXSourcesBuildPhase;
			buildActionMask = 2147483647;
			files = (
				22931D9126B46EAF00B4C253 /* PocketCrawlerUITests.swift in Sources */,
			);
			runOnlyForDeploymentPostprocessing = 0;
		};
/* End PBXSourcesBuildPhase section */

/* Begin PBXTargetDependency section */
		22931D6026B46EAD00B4C253 /* PBXTargetDependency */ = {
			isa = PBXTargetDependency;
			target = 22931D5C26B46EAD00B4C253 /* PocketCrawler WatchKit App */;
			targetProxy = 22931D5F26B46EAD00B4C253 /* PBXContainerItemProxy */;
		};
		22931D6B26B46EAF00B4C253 /* PBXTargetDependency */ = {
			isa = PBXTargetDependency;
			target = 22931D6726B46EAF00B4C253 /* PocketCrawler WatchKit Extension */;
			targetProxy = 22931D6A26B46EAF00B4C253 /* PBXContainerItemProxy */;
		};
		22931D8426B46EAF00B4C253 /* PBXTargetDependency */ = {
			isa = PBXTargetDependency;
			target = 22931D6726B46EAF00B4C253 /* PocketCrawler WatchKit Extension */;
			targetProxy = 22931D8326B46EAF00B4C253 /* PBXContainerItemProxy */;
		};
		22931D8E26B46EAF00B4C253 /* PBXTargetDependency */ = {
			isa = PBXTargetDependency;
			target = 22931D5C26B46EAD00B4C253 /* PocketCrawler WatchKit App */;
			targetProxy = 22931D8D26B46EAF00B4C253 /* PBXContainerItemProxy */;
		};
/* End PBXTargetDependency section */

/* Begin XCBuildConfiguration section */
		22931D9226B46EAF00B4C253 /* Debug */ = {
			isa = XCBuildConfiguration;
			buildSettings = {
				ALWAYS_SEARCH_USER_PATHS = NO;
				CLANG_ANALYZER_NONNULL = YES;
				CLANG_ANALYZER_NUMBER_OBJECT_CONVERSION = YES_AGGRESSIVE;
				CLANG_CXX_LANGUAGE_STANDARD = "gnu++17";
				CLANG_CXX_LIBRARY = "libc++";
				CLANG_ENABLE_MODULES = YES;
				CLANG_ENABLE_OBJC_ARC = YES;
				CLANG_ENABLE_OBJC_WEAK = YES;
				CLANG_WARN_BLOCK_CAPTURE_AUTORELEASING = YES;
				CLANG_WARN_BOOL_CONVERSION = YES;
				CLANG_WARN_COMMA = YES;
				CLANG_WARN_CONSTANT_CONVERSION = YES;
				CLANG_WARN_DEPRECATED_OBJC_IMPLEMENTATIONS = YES;
				CLANG_WARN_DIRECT_OBJC_ISA_USAGE = YES_ERROR;
				CLANG_WARN_DOCUMENTATION_COMMENTS = YES;
				CLANG_WARN_EMPTY_BODY = YES;
				CLANG_WARN_ENUM_CONVERSION = YES;
				CLANG_WARN_INFINITE_RECURSION = YES;
				CLANG_WARN_INT_CONVERSION = YES;
				CLANG_WARN_NON_LITERAL_NULL_CONVERSION = YES;
				CLANG_WARN_OBJC_IMPLICIT_RETAIN_SELF = YES;
				CLANG_WARN_OBJC_LITERAL_CONVERSION = YES;
				CLANG_WARN_OBJC_ROOT_CLASS = YES_ERROR;
				CLANG_WARN_QUOTED_INCLUDE_IN_FRAMEWORK_HEADER = YES;
				CLANG_WARN_RANGE_LOOP_ANALYSIS = YES;
				CLANG_WARN_STRICT_PROTOTYPES = YES;
				CLANG_WARN_SUSPICIOUS_MOVE = YES;
				CLANG_WARN_UNGUARDED_AVAILABILITY = YES_AGGRESSIVE;
				CLANG_WARN_UNREACHABLE_CODE = YES;
				CLANG_WARN__DUPLICATE_METHOD_MATCH = YES;
				COPY_PHASE_STRIP = NO;
				DEBUG_INFORMATION_FORMAT = dwarf;
				ENABLE_STRICT_OBJC_MSGSEND = YES;
				ENABLE_TESTABILITY = YES;
				GCC_C_LANGUAGE_STANDARD = gnu11;
				GCC_DYNAMIC_NO_PIC = NO;
				GCC_NO_COMMON_BLOCKS = YES;
				GCC_OPTIMIZATION_LEVEL = 0;
				GCC_PREPROCESSOR_DEFINITIONS = (
					"DEBUG=1",
					"$(inherited)",
				);
				GCC_WARN_64_TO_32_BIT_CONVERSION = YES;
				GCC_WARN_ABOUT_RETURN_TYPE = YES_ERROR;
				GCC_WARN_UNDECLARED_SELECTOR = YES;
				GCC_WARN_UNINITIALIZED_AUTOS = YES_AGGRESSIVE;
				GCC_WARN_UNUSED_FUNCTION = YES;
				GCC_WARN_UNUSED_VARIABLE = YES;
				MTL_ENABLE_DEBUG_INFO = INCLUDE_SOURCE;
				MTL_FAST_MATH = YES;
				ONLY_ACTIVE_ARCH = YES;
				SDKROOT = iphoneos;
				SWIFT_ACTIVE_COMPILATION_CONDITIONS = DEBUG;
				SWIFT_OPTIMIZATION_LEVEL = "-Onone";
			};
			name = Debug;
		};
		22931D9326B46EAF00B4C253 /* Release */ = {
			isa = XCBuildConfiguration;
			buildSettings = {
				ALWAYS_SEARCH_USER_PATHS = NO;
				CLANG_ANALYZER_NONNULL = YES;
				CLANG_ANALYZER_NUMBER_OBJECT_CONVERSION = YES_AGGRESSIVE;
				CLANG_CXX_LANGUAGE_STANDARD = "gnu++17";
				CLANG_CXX_LIBRARY = "libc++";
				CLANG_ENABLE_MODULES = YES;
				CLANG_ENABLE_OBJC_ARC = YES;
				CLANG_ENABLE_OBJC_WEAK = YES;
				CLANG_WARN_BLOCK_CAPTURE_AUTORELEASING = YES;
				CLANG_WARN_BOOL_CONVERSION = YES;
				CLANG_WARN_COMMA = YES;
				CLANG_WARN_CONSTANT_CONVERSION = YES;
				CLANG_WARN_DEPRECATED_OBJC_IMPLEMENTATIONS = YES;
				CLANG_WARN_DIRECT_OBJC_ISA_USAGE = YES_ERROR;
				CLANG_WARN_DOCUMENTATION_COMMENTS = YES;
				CLANG_WARN_EMPTY_BODY = YES;
				CLANG_WARN_ENUM_CONVERSION = YES;
				CLANG_WARN_INFINITE_RECURSION = YES;
				CLANG_WARN_INT_CONVERSION = YES;
				CLANG_WARN_NON_LITERAL_NULL_CONVERSION = YES;
				CLANG_WARN_OBJC_IMPLICIT_RETAIN_SELF = YES;
				CLANG_WARN_OBJC_LITERAL_CONVERSION = YES;
				CLANG_WARN_OBJC_ROOT_CLASS = YES_ERROR;
				CLANG_WARN_QUOTED_INCLUDE_IN_FRAMEWORK_HEADER = YES;
				CLANG_WARN_RANGE_LOOP_ANALYSIS = YES;
				CLANG_WARN_STRICT_PROTOTYPES = YES;
				CLANG_WARN_SUSPICIOUS_MOVE = YES;
				CLANG_WARN_UNGUARDED_AVAILABILITY = YES_AGGRESSIVE;
				CLANG_WARN_UNREACHABLE_CODE = YES;
				CLANG_WARN__DUPLICATE_METHOD_MATCH = YES;
				COPY_PHASE_STRIP = NO;
				DEBUG_INFORMATION_FORMAT = "dwarf-with-dsym";
				ENABLE_NS_ASSERTIONS = NO;
				ENABLE_STRICT_OBJC_MSGSEND = YES;
				GCC_C_LANGUAGE_STANDARD = gnu11;
				GCC_NO_COMMON_BLOCKS = YES;
				GCC_WARN_64_TO_32_BIT_CONVERSION = YES;
				GCC_WARN_ABOUT_RETURN_TYPE = YES_ERROR;
				GCC_WARN_UNDECLARED_SELECTOR = YES;
				GCC_WARN_UNINITIALIZED_AUTOS = YES_AGGRESSIVE;
				GCC_WARN_UNUSED_FUNCTION = YES;
				GCC_WARN_UNUSED_VARIABLE = YES;
				MTL_ENABLE_DEBUG_INFO = NO;
				MTL_FAST_MATH = YES;
				SDKROOT = iphoneos;
				SWIFT_COMPILATION_MODE = wholemodule;
				SWIFT_OPTIMIZATION_LEVEL = "-O";
				VALIDATE_PRODUCT = YES;
			};
			name = Release;
		};
		22931D9526B46EAF00B4C253 /* Debug */ = {
			isa = XCBuildConfiguration;
			buildSettings = {
				ASSETCATALOG_COMPILER_COMPLICATION_NAME = Complication;
				CODE_SIGN_STYLE = Automatic;
				CURRENT_PROJECT_VERSION = 1;
				DEVELOPMENT_ASSET_PATHS = "\"PocketCrawler WatchKit Extension/Preview Content\"";
				DEVELOPMENT_TEAM = SZR99J9ZFT;
				ENABLE_PREVIEWS = YES;
				GENERATE_INFOPLIST_FILE = YES;
				INFOPLIST_FILE = "PocketCrawler WatchKit Extension/Info.plist";
				INFOPLIST_KEY_CFBundleDisplayName = "PocketCrawler WatchKit Extension";
				INFOPLIST_KEY_CLKComplicationPrincipalClass = "$(PRODUCT_MODULE_NAME).ComplicationController";
				INFOPLIST_KEY_NSHumanReadableCopyright = "";
				INFOPLIST_KEY_WKWatchOnly = YES;
				LD_RUNPATH_SEARCH_PATHS = (
					"$(inherited)",
					"@executable_path/Frameworks",
					"@executable_path/../../Frameworks",
				);
				MARKETING_VERSION = 1.0;
				PRODUCT_BUNDLE_IDENTIFIER = com.samgarson.PocketCrawler.watchkitapp.watchkitextension;
				PRODUCT_NAME = "${TARGET_NAME}";
				SDKROOT = watchos;
				SKIP_INSTALL = YES;
				SWIFT_EMIT_LOC_STRINGS = YES;
				SWIFT_VERSION = 5.0;
				TARGETED_DEVICE_FAMILY = 4;
				WATCHOS_DEPLOYMENT_TARGET = 8.0;
			};
			name = Debug;
		};
		22931D9626B46EAF00B4C253 /* Release */ = {
			isa = XCBuildConfiguration;
			buildSettings = {
				ASSETCATALOG_COMPILER_COMPLICATION_NAME = Complication;
				CODE_SIGN_STYLE = Automatic;
				CURRENT_PROJECT_VERSION = 1;
				DEVELOPMENT_ASSET_PATHS = "\"PocketCrawler WatchKit Extension/Preview Content\"";
				DEVELOPMENT_TEAM = SZR99J9ZFT;
				ENABLE_PREVIEWS = YES;
				GENERATE_INFOPLIST_FILE = YES;
				INFOPLIST_FILE = "PocketCrawler WatchKit Extension/Info.plist";
				INFOPLIST_KEY_CFBundleDisplayName = "PocketCrawler WatchKit Extension";
				INFOPLIST_KEY_CLKComplicationPrincipalClass = "$(PRODUCT_MODULE_NAME).ComplicationController";
				INFOPLIST_KEY_NSHumanReadableCopyright = "";
				INFOPLIST_KEY_WKWatchOnly = YES;
				LD_RUNPATH_SEARCH_PATHS = (
					"$(inherited)",
					"@executable_path/Frameworks",
					"@executable_path/../../Frameworks",
				);
				MARKETING_VERSION = 1.0;
				PRODUCT_BUNDLE_IDENTIFIER = com.samgarson.PocketCrawler.watchkitapp.watchkitextension;
				PRODUCT_NAME = "${TARGET_NAME}";
				SDKROOT = watchos;
				SKIP_INSTALL = YES;
				SWIFT_EMIT_LOC_STRINGS = YES;
				SWIFT_VERSION = 5.0;
				TARGETED_DEVICE_FAMILY = 4;
				WATCHOS_DEPLOYMENT_TARGET = 8.0;
			};
			name = Release;
		};
		22931D9926B46EAF00B4C253 /* Debug */ = {
			isa = XCBuildConfiguration;
			buildSettings = {
				ALWAYS_EMBED_SWIFT_STANDARD_LIBRARIES = YES;
				ASSETCATALOG_COMPILER_APPICON_NAME = AppIcon;
				ASSETCATALOG_COMPILER_GLOBAL_ACCENT_COLOR_NAME = AccentColor;
				CODE_SIGN_STYLE = Automatic;
				CURRENT_PROJECT_VERSION = 1;
				DEVELOPMENT_TEAM = SZR99J9ZFT;
				GENERATE_INFOPLIST_FILE = YES;
				IBSC_MODULE = PocketCrawler_WatchKit_Extension;
				INFOPLIST_KEY_CFBundleDisplayName = "PocketCrawler WatchKit App";
				INFOPLIST_KEY_UISupportedInterfaceOrientations = "UIInterfaceOrientationPortrait UIInterfaceOrientationPortraitUpsideDown";
				MARKETING_VERSION = 1.0;
				PRODUCT_BUNDLE_IDENTIFIER = com.samgarson.PocketCrawler.watchkitapp;
				PRODUCT_NAME = "$(TARGET_NAME)";
				SDKROOT = watchos;
				SKIP_INSTALL = YES;
				SWIFT_EMIT_LOC_STRINGS = YES;
				SWIFT_VERSION = 5.0;
				TARGETED_DEVICE_FAMILY = 4;
				WATCHOS_DEPLOYMENT_TARGET = 8.0;
			};
			name = Debug;
		};
		22931D9A26B46EAF00B4C253 /* Release */ = {
			isa = XCBuildConfiguration;
			buildSettings = {
				ALWAYS_EMBED_SWIFT_STANDARD_LIBRARIES = YES;
				ASSETCATALOG_COMPILER_APPICON_NAME = AppIcon;
				ASSETCATALOG_COMPILER_GLOBAL_ACCENT_COLOR_NAME = AccentColor;
				CODE_SIGN_STYLE = Automatic;
				CURRENT_PROJECT_VERSION = 1;
				DEVELOPMENT_TEAM = SZR99J9ZFT;
				GENERATE_INFOPLIST_FILE = YES;
				IBSC_MODULE = PocketCrawler_WatchKit_Extension;
				INFOPLIST_KEY_CFBundleDisplayName = "PocketCrawler WatchKit App";
				INFOPLIST_KEY_UISupportedInterfaceOrientations = "UIInterfaceOrientationPortrait UIInterfaceOrientationPortraitUpsideDown";
				MARKETING_VERSION = 1.0;
				PRODUCT_BUNDLE_IDENTIFIER = com.samgarson.PocketCrawler.watchkitapp;
				PRODUCT_NAME = "$(TARGET_NAME)";
				SDKROOT = watchos;
				SKIP_INSTALL = YES;
				SWIFT_EMIT_LOC_STRINGS = YES;
				SWIFT_VERSION = 5.0;
				TARGETED_DEVICE_FAMILY = 4;
				WATCHOS_DEPLOYMENT_TARGET = 8.0;
			};
			name = Release;
		};
		22931D9D26B46EAF00B4C253 /* Debug */ = {
			isa = XCBuildConfiguration;
			buildSettings = {
				CODE_SIGN_STYLE = Automatic;
				CURRENT_PROJECT_VERSION = 1;
				DEVELOPMENT_TEAM = SZR99J9ZFT;
				MARKETING_VERSION = 1.0;
				PRODUCT_BUNDLE_IDENTIFIER = com.samgarson.PocketCrawler;
				PRODUCT_NAME = "$(TARGET_NAME)";
				SWIFT_VERSION = 5.0;
			};
			name = Debug;
		};
		22931D9E26B46EAF00B4C253 /* Release */ = {
			isa = XCBuildConfiguration;
			buildSettings = {
				CODE_SIGN_STYLE = Automatic;
				CURRENT_PROJECT_VERSION = 1;
				DEVELOPMENT_TEAM = SZR99J9ZFT;
				MARKETING_VERSION = 1.0;
				PRODUCT_BUNDLE_IDENTIFIER = com.samgarson.PocketCrawler;
				PRODUCT_NAME = "$(TARGET_NAME)";
				SWIFT_VERSION = 5.0;
			};
			name = Release;
		};
		22931DA026B46EAF00B4C253 /* Debug */ = {
			isa = XCBuildConfiguration;
			buildSettings = {
				ALWAYS_EMBED_SWIFT_STANDARD_LIBRARIES = YES;
				BUNDLE_LOADER = "$(TEST_HOST)";
				CODE_SIGN_STYLE = Automatic;
				CURRENT_PROJECT_VERSION = 1;
				DEVELOPMENT_TEAM = SZR99J9ZFT;
				GENERATE_INFOPLIST_FILE = YES;
				LD_RUNPATH_SEARCH_PATHS = (
					"$(inherited)",
					"@executable_path/Frameworks",
					"@loader_path/Frameworks",
				);
				MARKETING_VERSION = 1.0;
				PRODUCT_BUNDLE_IDENTIFIER = com.samgarson.PocketCrawlerTests;
				PRODUCT_NAME = "$(TARGET_NAME)";
				SDKROOT = watchos;
				SWIFT_EMIT_LOC_STRINGS = NO;
				SWIFT_VERSION = 5.0;
				TARGETED_DEVICE_FAMILY = 4;
				TEST_HOST = "$(BUILT_PRODUCTS_DIR)/PocketCrawler WatchKit Extension.appex/PocketCrawler WatchKit Extension";
				WATCHOS_DEPLOYMENT_TARGET = 8.0;
			};
			name = Debug;
		};
		22931DA126B46EAF00B4C253 /* Release */ = {
			isa = XCBuildConfiguration;
			buildSettings = {
				ALWAYS_EMBED_SWIFT_STANDARD_LIBRARIES = YES;
				BUNDLE_LOADER = "$(TEST_HOST)";
				CODE_SIGN_STYLE = Automatic;
				CURRENT_PROJECT_VERSION = 1;
				DEVELOPMENT_TEAM = SZR99J9ZFT;
				GENERATE_INFOPLIST_FILE = YES;
				LD_RUNPATH_SEARCH_PATHS = (
					"$(inherited)",
					"@executable_path/Frameworks",
					"@loader_path/Frameworks",
				);
				MARKETING_VERSION = 1.0;
				PRODUCT_BUNDLE_IDENTIFIER = com.samgarson.PocketCrawlerTests;
				PRODUCT_NAME = "$(TARGET_NAME)";
				SDKROOT = watchos;
				SWIFT_EMIT_LOC_STRINGS = NO;
				SWIFT_VERSION = 5.0;
				TARGETED_DEVICE_FAMILY = 4;
				TEST_HOST = "$(BUILT_PRODUCTS_DIR)/PocketCrawler WatchKit Extension.appex/PocketCrawler WatchKit Extension";
				WATCHOS_DEPLOYMENT_TARGET = 8.0;
			};
			name = Release;
		};
		22931DA326B46EAF00B4C253 /* Debug */ = {
			isa = XCBuildConfiguration;
			buildSettings = {
				CODE_SIGN_STYLE = Automatic;
				CURRENT_PROJECT_VERSION = 1;
				DEVELOPMENT_TEAM = SZR99J9ZFT;
				GENERATE_INFOPLIST_FILE = YES;
				LD_RUNPATH_SEARCH_PATHS = (
					"$(inherited)",
					"@executable_path/Frameworks",
					"@loader_path/Frameworks",
				);
				MARKETING_VERSION = 1.0;
				PRODUCT_BUNDLE_IDENTIFIER = com.samgarson.PocketCrawlerUITests;
				PRODUCT_NAME = "$(TARGET_NAME)";
				SDKROOT = watchos;
				SWIFT_EMIT_LOC_STRINGS = NO;
				SWIFT_VERSION = 5.0;
				TARGETED_DEVICE_FAMILY = 4;
				TEST_TARGET_NAME = "PocketCrawler WatchKit App";
				WATCHOS_DEPLOYMENT_TARGET = 8.0;
			};
			name = Debug;
		};
		22931DA426B46EAF00B4C253 /* Release */ = {
			isa = XCBuildConfiguration;
			buildSettings = {
				CODE_SIGN_STYLE = Automatic;
				CURRENT_PROJECT_VERSION = 1;
				DEVELOPMENT_TEAM = SZR99J9ZFT;
				GENERATE_INFOPLIST_FILE = YES;
				LD_RUNPATH_SEARCH_PATHS = (
					"$(inherited)",
					"@executable_path/Frameworks",
					"@loader_path/Frameworks",
				);
				MARKETING_VERSION = 1.0;
				PRODUCT_BUNDLE_IDENTIFIER = com.samgarson.PocketCrawlerUITests;
				PRODUCT_NAME = "$(TARGET_NAME)";
				SDKROOT = watchos;
				SWIFT_EMIT_LOC_STRINGS = NO;
				SWIFT_VERSION = 5.0;
				TARGETED_DEVICE_FAMILY = 4;
				TEST_TARGET_NAME = "PocketCrawler WatchKit App";
				WATCHOS_DEPLOYMENT_TARGET = 8.0;
			};
			name = Release;
		};
/* End XCBuildConfiguration section */

/* Begin XCConfigurationList section */
		22931D5626B46EAD00B4C253 /* Build configuration list for PBXProject "PocketCrawler" */ = {
			isa = XCConfigurationList;
			buildConfigurations = (
				22931D9226B46EAF00B4C253 /* Debug */,
				22931D9326B46EAF00B4C253 /* Release */,
			);
			defaultConfigurationIsVisible = 0;
			defaultConfigurationName = Release;
		};
		22931D9426B46EAF00B4C253 /* Build configuration list for PBXNativeTarget "PocketCrawler WatchKit Extension" */ = {
			isa = XCConfigurationList;
			buildConfigurations = (
				22931D9526B46EAF00B4C253 /* Debug */,
				22931D9626B46EAF00B4C253 /* Release */,
			);
			defaultConfigurationIsVisible = 0;
			defaultConfigurationName = Release;
		};
		22931D9826B46EAF00B4C253 /* Build configuration list for PBXNativeTarget "PocketCrawler WatchKit App" */ = {
			isa = XCConfigurationList;
			buildConfigurations = (
				22931D9926B46EAF00B4C253 /* Debug */,
				22931D9A26B46EAF00B4C253 /* Release */,
			);
			defaultConfigurationIsVisible = 0;
			defaultConfigurationName = Release;
		};
		22931D9C26B46EAF00B4C253 /* Build configuration list for PBXNativeTarget "PocketCrawler" */ = {
			isa = XCConfigurationList;
			buildConfigurations = (
				22931D9D26B46EAF00B4C253 /* Debug */,
				22931D9E26B46EAF00B4C253 /* Release */,
			);
			defaultConfigurationIsVisible = 0;
			defaultConfigurationName = Release;
		};
		22931D9F26B46EAF00B4C253 /* Build configuration list for PBXNativeTarget "PocketCrawlerTests" */ = {
			isa = XCConfigurationList;
			buildConfigurations = (
				22931DA026B46EAF00B4C253 /* Debug */,
				22931DA126B46EAF00B4C253 /* Release */,
			);
			defaultConfigurationIsVisible = 0;
			defaultConfigurationName = Release;
		};
		22931DA226B46EAF00B4C253 /* Build configuration list for PBXNativeTarget "PocketCrawlerUITests" */ = {
			isa = XCConfigurationList;
			buildConfigurations = (
				22931DA326B46EAF00B4C253 /* Debug */,
				22931DA426B46EAF00B4C253 /* Release */,
			);
			defaultConfigurationIsVisible = 0;
			defaultConfigurationName = Release;
		};
/* End XCConfigurationList section */
	};
	rootObject = 22931D5326B46EAD00B4C253 /* Project object */;
}
